
Microsoft Visual Studio Solution File, Format Version 12.00
# Visual Studio Version 16
VisualStudioVersion = 16.0.32407.337
MinimumVisualStudioVersion = 10.0.40219.1
Project("{FAE04EC0-301F-11D3-BF4B-00C04F79EFBC}") = "Registration", "Registration\Registration.csproj", "{608EAE5C-052C-41D2-B4D7-19CFA20D23B6}"
EndProject
Global
	GlobalSection(SolutionConfigurationPlatforms) = preSolution
		Debug|Any CPU = Debug|Any CPU
		Release|Any CPU = Release|Any CPU
	EndGlobalSection
	GlobalSection(ProjectConfigurationPlatforms) = postSolution
		{608EAE5C-052C-41D2-B4D7-19CFA20D23B6}.Debug|Any CPU.ActiveCfg = Debug|Any CPU
		{608EAE5C-052C-41D2-B4D7-19CFA20D23B6}.Debug|Any CPU.Build.0 = Debug|Any CPU
		{608EAE5C-052C-41D2-B4D7-19CFA20D23B6}.Release|Any CPU.ActiveCfg = Release|Any CPU
		{608EAE5C-052C-41D2-B4D7-19CFA20D23B6}.Release|Any CPU.Build.0 = Release|Any CPU
	EndGlobalSection
	GlobalSection(SolutionProperties) = preSolution
		HideSolutionNode = FALSE
	EndGlobalSection
	GlobalSection(ExtensibilityGlobals) = postSolution
		SolutionGuid = {3400CE11-AE03-4618-8EA4-F706385B5886}
	EndGlobalSection
EndGlobal
